
Microsoft Visual Studio Solution File, Format Version 12.00
# Visual Studio Version 16
VisualStudioVersion = 16.0.29709.97
MinimumVisualStudioVersion = 10.0.40219.1
Project("{8BC9CEB8-8B4A-11D0-8D11-00A0C91BC942}") = "01 模板", "01 模板\01 模板.vcxproj", "{4232F555-4720-4786-93DB-202433188AC0}"
EndProject
Project("{8BC9CEB8-8B4A-11D0-8D11-00A0C91BC942}") = "02 函数模板和普通函数区别", "02 函数模板和普通函数区别\02 函数模板和普通函数区别.vcxproj", "{54C2483D-3017-42EA-9221-DDEA95541019}"
EndProject
Project("{8BC9CEB8-8B4A-11D0-8D11-00A0C91BC942}") = "03 类模板", "03 类模板\03 类模板.vcxproj", "{6F9D7363-33AA-4B11-B112-7C52821C01A3}"
EndProject
Project("{8BC9CEB8-8B4A-11D0-8D11-00A0C91BC942}") = "00 环境", "00 环境\00 环境.vcxproj", "{9208B9DB-96F1-4AF7-BF8F-CB34EF7675B4}"
EndProject
Project("{8BC9CEB8-8B4A-11D0-8D11-00A0C91BC942}") = "04 函数模板案例_对char和int类型数组进行排序", "04 函数模板案例_对char和int类型数组进行排序\04 函数模板案例_对char和int类型数组进行排序.vcxproj", "{2A0A5196-E840-447B-AA40-4158245967B0}"
EndProject
Project("{8BC9CEB8-8B4A-11D0-8D11-00A0C91BC942}") = "05 类模板派生普通类", "05 类模板派生普通类\05 类模板派生普通类.vcxproj", "{45ACA767-ED5F-40D6-AA49-9919A29422F3}"
EndProject
Project("{8BC9CEB8-8B4A-11D0-8D11-00A0C91BC942}") = "06 类模板派生类模板", "06 类模板派生类模板\06 类模板派生类模板.vcxproj", "{98EE5749-E07B-4B20-8018-9487E6273206}"
EndProject
Project("{8BC9CEB8-8B4A-11D0-8D11-00A0C91BC942}") = "07 类的写法.h .cpp分离", "07 类的写法.h .cpp分离\07 类的写法.h .cpp分离.vcxproj", "{6D9AB805-A41F-4E9E-805A-89F81B698C2F}"
EndProject
Project("{8BC9CEB8-8B4A-11D0-8D11-00A0C91BC942}") = "08 类模板在类内实现", "08 类模板在类内实现\08 类模板在类内实现.vcxproj", "{826F5A0B-20A5-43FE-A95B-0F27F6DE80B0}"
EndProject
Project("{8BC9CEB8-8B4A-11D0-8D11-00A0C91BC942}") = "09 类模板的外部实现", "09 类模板的外部实现\09 类模板的外部实现.vcxproj", "{C04F627F-CC34-4635-A9D6-408DD888A7DE}"
EndProject
Project("{8BC9CEB8-8B4A-11D0-8D11-00A0C91BC942}") = "10 类模板.h和.cpp分离编写", "10 类模板.h和.cpp分离编写\10 类模板.h和.cpp分离编写.vcxproj", "{7AF8E64D-0E27-486A-A09F-8888A542AC3C}"
EndProject
Project("{8BC9CEB8-8B4A-11D0-8D11-00A0C91BC942}") = "11 类模板碰到static成员", "11 类模板碰到static成员\11 类模板碰到static成员.vcxproj", "{28FE620F-A516-4E9F-83A1-9EB79ACD4264}"
EndProject
Project("{8BC9CEB8-8B4A-11D0-8D11-00A0C91BC942}") = "12 MyArray", "12 MyArray\12 MyArray.vcxproj", "{D12FA333-B75E-48C7-BDB2-CB051E2802CF}"
EndProject
Project("{8BC9CEB8-8B4A-11D0-8D11-00A0C91BC942}") = "13 类型转换", "13 类型转换\13 类型转换.vcxproj", "{1B9D3D4B-59EA-49B3-BEB6-56F475FF9D1A}"
EndProject
Project("{8BC9CEB8-8B4A-11D0-8D11-00A0C91BC942}") = "14 异常机制", "14 异常机制\14 异常机制.vcxproj", "{CAF4EC46-D479-412B-B619-DD620BD5254A}"
EndProject
Project("{8BC9CEB8-8B4A-11D0-8D11-00A0C91BC942}") = "15 栈解旋", "15 栈解旋\15 栈解旋.vcxproj", "{478A99C9-6F5F-4FD8-9911-CF36D0518769}"
EndProject
Project("{8BC9CEB8-8B4A-11D0-8D11-00A0C91BC942}") = "16 异常接口声明", "16 异常接口声明\16 异常接口声明.vcxproj", "{C93D637E-F062-4833-9791-0D374F893994}"
EndProject
Project("{8BC9CEB8-8B4A-11D0-8D11-00A0C91BC942}") = "17 异常类型和异常对象生命周期", "17 异常类型和异常对象生命周期\17 异常类型和异常对象生命周期.vcxproj", "{E37B29C9-244F-475D-A6FD-CBDB4E13EDD5}"
EndProject
Project("{8BC9CEB8-8B4A-11D0-8D11-00A0C91BC942}") = "18 异常对象生命周期", "18 异常对象生命周期\18 异常对象生命周期.vcxproj", "{C37EFF2A-4B2D-48A8-A113-799476646CC1}"
EndProject
Project("{8BC9CEB8-8B4A-11D0-8D11-00A0C91BC942}") = "19 C++标准异常库举例", "19 C++标准异常库举例\19 C++标准异常库举例.vcxproj", "{5F555918-1FEB-4B98-BB18-93197349A9A6}"
EndProject
Project("{8BC9CEB8-8B4A-11D0-8D11-00A0C91BC942}") = "20 继承在异常中的应用", "20 继承在异常中的应用\20 继承在异常中的应用.vcxproj", "{65AABA05-0DD7-4A9E-A321-CDC0B6E663E1}"
EndProject
Project("{8BC9CEB8-8B4A-11D0-8D11-00A0C91BC942}") = "21 C++输入输出流", "21 C++输入输出流\21 C++输入输出流.vcxproj", "{278544D8-6B6A-4EAF-9613-C9A1D00CB5DB}"
EndProject
Project("{8BC9CEB8-8B4A-11D0-8D11-00A0C91BC942}") = "22 文件读写", "22 文件读写\22 文件读写.vcxproj", "{8CBC8E4E-C090-47E5-AA68-B0A467529532}"
EndProject
Project("{8BC9CEB8-8B4A-11D0-8D11-00A0C91BC942}") = "23 容器算法迭代器基本思路", "23 容器算法迭代器基本思路\23 容器算法迭代器基本思路.vcxproj", "{AFE2A92F-E4A2-42C7-AE90-4383A51881D4}"
EndProject
Project("{8BC9CEB8-8B4A-11D0-8D11-00A0C91BC942}") = "24 STL Hello World程序", "24 STL Hello World程序\24 STL Hello World程序.vcxproj", "{1E2453B9-6CE0-4F12-9BF1-D7C8E3AEF056}"
EndProject
Project("{8BC9CEB8-8B4A-11D0-8D11-00A0C91BC942}") = "25 string容器", "25 string容器\25 string容器.vcxproj", "{DEC0A828-6F4E-4F2F-9B17-05C07B416C5C}"
EndProject
Project("{8BC9CEB8-8B4A-11D0-8D11-00A0C91BC942}") = "26 vector容器", "26 vector容器\26 vector容器.vcxproj", "{DC84677F-AAFC-40D7-A6BC-563F3538DF09}"
EndProject
Project("{8BC9CEB8-8B4A-11D0-8D11-00A0C91BC942}") = "27 deque容器", "27 deque容器\27 deque容器.vcxproj", "{9E801183-084B-4224-8957-8CC9B99720E8}"
EndProject
Project("{8BC9CEB8-8B4A-11D0-8D11-00A0C91BC942}") = "28 deque容器_打分案例", "28 deque容器_打分案例\28 deque容器_打分案例.vcxproj", "{8741DFE0-6A93-4357-AFCF-DA0FF59DE1B9}"
EndProject
Project("{8BC9CEB8-8B4A-11D0-8D11-00A0C91BC942}") = "29 stack容器", "29 stack容器\29 stack容器.vcxproj", "{510E6168-B115-4428-AAA0-0A53141F03BF}"
EndProject
Project("{8BC9CEB8-8B4A-11D0-8D11-00A0C91BC942}") = "30 queue容器", "30 queue容器\30 queue容器.vcxproj", "{06627766-C406-4DD8-A13B-AAC7744E9238}"
EndProject
Project("{8BC9CEB8-8B4A-11D0-8D11-00A0C91BC942}") = "31 list容器", "31 list容器\31 list容器.vcxproj", "{7F1007BB-9DFA-422F-A1E7-05EBE8DFA985}"
EndProject
Project("{8BC9CEB8-8B4A-11D0-8D11-00A0C91BC942}") = "32 set容器", "32 set容器\32 set容器.vcxproj", "{3E1B295F-6931-4D38-B00C-7791B8F3404C}"
EndProject
Project("{8BC9CEB8-8B4A-11D0-8D11-00A0C91BC942}") = "33 对组", "33 对组\33 对组.vcxproj", "{89A501B3-702E-4100-ACC7-F51C8BC9F88A}"
EndProject
Project("{8BC9CEB8-8B4A-11D0-8D11-00A0C91BC942}") = "34 map容器", "34 map容器\34 map容器.vcxproj", "{6FE88260-1327-41F7-A2FC-F2F1A048C74C}"
EndProject
Project("{8BC9CEB8-8B4A-11D0-8D11-00A0C91BC942}") = "35 multimap案例——员工分组", "35 multimap案例——员工分组\35 multimap案例——员工分组.vcxproj", "{BC60DCE3-1132-4808-894F-D3324159F347}"
EndProject
Project("{8BC9CEB8-8B4A-11D0-8D11-00A0C91BC942}") = "36 容器深拷贝和浅拷贝", "36 容器深拷贝和浅拷贝\36 容器深拷贝和浅拷贝.vcxproj", "{0AC7C936-D018-442B-8436-1A44A1C15D7A}"
EndProject
Project("{8BC9CEB8-8B4A-11D0-8D11-00A0C91BC942}") = "37 函数对象", "37 函数对象\37 函数对象.vcxproj", "{E11CE612-59F2-4ADD-866A-3631A93BD3F9}"
EndProject
Project("{8BC9CEB8-8B4A-11D0-8D11-00A0C91BC942}") = "38 内建函数对象", "38 内建函数对象\38 内建函数对象.vcxproj", "{4F37A205-EA53-484B-ABC0-6043EDCD0AE2}"
EndProject
Project("{8BC9CEB8-8B4A-11D0-8D11-00A0C91BC942}") = "39 函数对象适配器", "39 函数对象适配器\39 函数对象适配器.vcxproj", "{65116671-6B60-41B4-985C-6E7C20FA1C9B}"
EndProject
Project("{8BC9CEB8-8B4A-11D0-8D11-00A0C91BC942}") = "40 常用的遍历算法", "40 常用的遍历算法\40 常用的遍历算法.vcxproj", "{46FF3CF3-CC64-4664-9FAF-E77CBE9C582A}"
EndProject
Project("{8BC9CEB8-8B4A-11D0-8D11-00A0C91BC942}") = "41 常用的查找算法", "41 常用的查找算法\41 常用的查找算法.vcxproj", "{8A25BAC2-A01D-45D5-871C-A622752B0C04}"
EndProject
Project("{8BC9CEB8-8B4A-11D0-8D11-00A0C91BC942}") = "42 常用的排序算法", "01 常用的排序算法\01 常用的排序算法.vcxproj", "{FA05D79E-01A4-4C4E-BBB7-DB1C92FB10F3}"
EndProject
Project("{8BC9CEB8-8B4A-11D0-8D11-00A0C91BC942}") = "43 常用拷贝和替换算法", "02 常用拷贝和替换算法\02 常用拷贝和替换算法.vcxproj", "{C0B49D27-65C4-4E48-ACD8-48BCECB3E35D}"
EndProject
Project("{8BC9CEB8-8B4A-11D0-8D11-00A0C91BC942}") = "44 常用的算术生成算法", "03 常用的算术生成算法\03 常用的算术生成算法.vcxproj", "{1F37BF7B-8835-4753-9F1B-7B649DBB1606}"
EndProject
Project("{8BC9CEB8-8B4A-11D0-8D11-00A0C91BC942}") = "45 常用的集合算法", "04 常用的集合算法\04 常用的集合算法.vcxproj", "{84A6ECA3-82A0-44C4-91F7-C7A569A8B8C6}"
EndProject
Project("{8BC9CEB8-8B4A-11D0-8D11-00A0C91BC942}") = "46 综合案例", "05 综合案例\05 综合案例.vcxproj", "{CF94EEFE-96DD-486A-A5E2-1450335DFFC1}"
EndProject
Global
	GlobalSection(SolutionConfigurationPlatforms) = preSolution
		Debug|x64 = Debug|x64
		Debug|x86 = Debug|x86
		Release|x64 = Release|x64
		Release|x86 = Release|x86
	EndGlobalSection
	GlobalSection(ProjectConfigurationPlatforms) = postSolution
		{4232F555-4720-4786-93DB-202433188AC0}.Debug|x64.ActiveCfg = Debug|x64
		{4232F555-4720-4786-93DB-202433188AC0}.Debug|x64.Build.0 = Debug|x64
		{4232F555-4720-4786-93DB-202433188AC0}.Debug|x86.ActiveCfg = Debug|Win32
		{4232F555-4720-4786-93DB-202433188AC0}.Debug|x86.Build.0 = Debug|Win32
		{4232F555-4720-4786-93DB-202433188AC0}.Release|x64.ActiveCfg = Release|x64
		{4232F555-4720-4786-93DB-202433188AC0}.Release|x64.Build.0 = Release|x64
		{4232F555-4720-4786-93DB-202433188AC0}.Release|x86.ActiveCfg = Release|Win32
		{4232F555-4720-4786-93DB-202433188AC0}.Release|x86.Build.0 = Release|Win32
		{54C2483D-3017-42EA-9221-DDEA95541019}.Debug|x64.ActiveCfg = Debug|x64
		{54C2483D-3017-42EA-9221-DDEA95541019}.Debug|x64.Build.0 = Debug|x64
		{54C2483D-3017-42EA-9221-DDEA95541019}.Debug|x86.ActiveCfg = Debug|Win32
		{54C2483D-3017-42EA-9221-DDEA95541019}.Debug|x86.Build.0 = Debug|Win32
		{54C2483D-3017-42EA-9221-DDEA95541019}.Release|x64.ActiveCfg = Release|x64
		{54C2483D-3017-42EA-9221-DDEA95541019}.Release|x64.Build.0 = Release|x64
		{54C2483D-3017-42EA-9221-DDEA95541019}.Release|x86.ActiveCfg = Release|Win32
		{54C2483D-3017-42EA-9221-DDEA95541019}.Release|x86.Build.0 = Release|Win32
		{6F9D7363-33AA-4B11-B112-7C52821C01A3}.Debug|x64.ActiveCfg = Debug|x64
		{6F9D7363-33AA-4B11-B112-7C52821C01A3}.Debug|x64.Build.0 = Debug|x64
		{6F9D7363-33AA-4B11-B112-7C52821C01A3}.Debug|x86.ActiveCfg = Debug|Win32
		{6F9D7363-33AA-4B11-B112-7C52821C01A3}.Debug|x86.Build.0 = Debug|Win32
		{6F9D7363-33AA-4B11-B112-7C52821C01A3}.Release|x64.ActiveCfg = Release|x64
		{6F9D7363-33AA-4B11-B112-7C52821C01A3}.Release|x64.Build.0 = Release|x64
		{6F9D7363-33AA-4B11-B112-7C52821C01A3}.Release|x86.ActiveCfg = Release|Win32
		{6F9D7363-33AA-4B11-B112-7C52821C01A3}.Release|x86.Build.0 = Release|Win32
		{9208B9DB-96F1-4AF7-BF8F-CB34EF7675B4}.Debug|x64.ActiveCfg = Debug|x64
		{9208B9DB-96F1-4AF7-BF8F-CB34EF7675B4}.Debug|x64.Build.0 = Debug|x64
		{9208B9DB-96F1-4AF7-BF8F-CB34EF7675B4}.Debug|x86.ActiveCfg = Debug|Win32
		{9208B9DB-96F1-4AF7-BF8F-CB34EF7675B4}.Debug|x86.Build.0 = Debug|Win32
		{9208B9DB-96F1-4AF7-BF8F-CB34EF7675B4}.Release|x64.ActiveCfg = Release|x64
		{9208B9DB-96F1-4AF7-BF8F-CB34EF7675B4}.Release|x64.Build.0 = Release|x64
		{9208B9DB-96F1-4AF7-BF8F-CB34EF7675B4}.Release|x86.ActiveCfg = Release|Win32
		{9208B9DB-96F1-4AF7-BF8F-CB34EF7675B4}.Release|x86.Build.0 = Release|Win32
		{2A0A5196-E840-447B-AA40-4158245967B0}.Debug|x64.ActiveCfg = Debug|x64
		{2A0A5196-E840-447B-AA40-4158245967B0}.Debug|x64.Build.0 = Debug|x64
		{2A0A5196-E840-447B-AA40-4158245967B0}.Debug|x86.ActiveCfg = Debug|Win32
		{2A0A5196-E840-447B-AA40-4158245967B0}.Debug|x86.Build.0 = Debug|Win32
		{2A0A5196-E840-447B-AA40-4158245967B0}.Release|x64.ActiveCfg = Release|x64
		{2A0A5196-E840-447B-AA40-4158245967B0}.Release|x64.Build.0 = Release|x64
		{2A0A5196-E840-447B-AA40-4158245967B0}.Release|x86.ActiveCfg = Release|Win32
		{2A0A5196-E840-447B-AA40-4158245967B0}.Release|x86.Build.0 = Release|Win32
		{45ACA767-ED5F-40D6-AA49-9919A29422F3}.Debug|x64.ActiveCfg = Debug|x64
		{45ACA767-ED5F-40D6-AA49-9919A29422F3}.Debug|x64.Build.0 = Debug|x64
		{45ACA767-ED5F-40D6-AA49-9919A29422F3}.Debug|x86.ActiveCfg = Debug|Win32
		{45ACA767-ED5F-40D6-AA49-9919A29422F3}.Debug|x86.Build.0 = Debug|Win32
		{45ACA767-ED5F-40D6-AA49-9919A29422F3}.Release|x64.ActiveCfg = Release|x64
		{45ACA767-ED5F-40D6-AA49-9919A29422F3}.Release|x64.Build.0 = Release|x64
		{45ACA767-ED5F-40D6-AA49-9919A29422F3}.Release|x86.ActiveCfg = Release|Win32
		{45ACA767-ED5F-40D6-AA49-9919A29422F3}.Release|x86.Build.0 = Release|Win32
		{98EE5749-E07B-4B20-8018-9487E6273206}.Debug|x64.ActiveCfg = Debug|x64
		{98EE5749-E07B-4B20-8018-9487E6273206}.Debug|x64.Build.0 = Debug|x64
		{98EE5749-E07B-4B20-8018-9487E6273206}.Debug|x86.ActiveCfg = Debug|Win32
		{98EE5749-E07B-4B20-8018-9487E6273206}.Debug|x86.Build.0 = Debug|Win32
		{98EE5749-E07B-4B20-8018-9487E6273206}.Release|x64.ActiveCfg = Release|x64
		{98EE5749-E07B-4B20-8018-9487E6273206}.Release|x64.Build.0 = Release|x64
		{98EE5749-E07B-4B20-8018-9487E6273206}.Release|x86.ActiveCfg = Release|Win32
		{98EE5749-E07B-4B20-8018-9487E6273206}.Release|x86.Build.0 = Release|Win32
		{6D9AB805-A41F-4E9E-805A-89F81B698C2F}.Debug|x64.ActiveCfg = Debug|x64
		{6D9AB805-A41F-4E9E-805A-89F81B698C2F}.Debug|x64.Build.0 = Debug|x64
		{6D9AB805-A41F-4E9E-805A-89F81B698C2F}.Debug|x86.ActiveCfg = Debug|Win32
		{6D9AB805-A41F-4E9E-805A-89F81B698C2F}.Debug|x86.Build.0 = Debug|Win32
		{6D9AB805-A41F-4E9E-805A-89F81B698C2F}.Release|x64.ActiveCfg = Release|x64
		{6D9AB805-A41F-4E9E-805A-89F81B698C2F}.Release|x64.Build.0 = Release|x64
		{6D9AB805-A41F-4E9E-805A-89F81B698C2F}.Release|x86.ActiveCfg = Release|Win32
		{6D9AB805-A41F-4E9E-805A-89F81B698C2F}.Release|x86.Build.0 = Release|Win32
		{826F5A0B-20A5-43FE-A95B-0F27F6DE80B0}.Debug|x64.ActiveCfg = Debug|x64
		{826F5A0B-20A5-43FE-A95B-0F27F6DE80B0}.Debug|x64.Build.0 = Debug|x64
		{826F5A0B-20A5-43FE-A95B-0F27F6DE80B0}.Debug|x86.ActiveCfg = Debug|Win32
		{826F5A0B-20A5-43FE-A95B-0F27F6DE80B0}.Debug|x86.Build.0 = Debug|Win32
		{826F5A0B-20A5-43FE-A95B-0F27F6DE80B0}.Release|x64.ActiveCfg = Release|x64
		{826F5A0B-20A5-43FE-A95B-0F27F6DE80B0}.Release|x64.Build.0 = Release|x64
		{826F5A0B-20A5-43FE-A95B-0F27F6DE80B0}.Release|x86.ActiveCfg = Release|Win32
		{826F5A0B-20A5-43FE-A95B-0F27F6DE80B0}.Release|x86.Build.0 = Release|Win32
		{C04F627F-CC34-4635-A9D6-408DD888A7DE}.Debug|x64.ActiveCfg = Debug|x64
		{C04F627F-CC34-4635-A9D6-408DD888A7DE}.Debug|x64.Build.0 = Debug|x64
		{C04F627F-CC34-4635-A9D6-408DD888A7DE}.Debug|x86.ActiveCfg = Debug|Win32
		{C04F627F-CC34-4635-A9D6-408DD888A7DE}.Debug|x86.Build.0 = Debug|Win32
		{C04F627F-CC34-4635-A9D6-408DD888A7DE}.Release|x64.ActiveCfg = Release|x64
		{C04F627F-CC34-4635-A9D6-408DD888A7DE}.Release|x64.Build.0 = Release|x64
		{C04F627F-CC34-4635-A9D6-408DD888A7DE}.Release|x86.ActiveCfg = Release|Win32
		{C04F627F-CC34-4635-A9D6-408DD888A7DE}.Release|x86.Build.0 = Release|Win32
		{7AF8E64D-0E27-486A-A09F-8888A542AC3C}.Debug|x64.ActiveCfg = Debug|x64
		{7AF8E64D-0E27-486A-A09F-8888A542AC3C}.Debug|x64.Build.0 = Debug|x64
		{7AF8E64D-0E27-486A-A09F-8888A542AC3C}.Debug|x86.ActiveCfg = Debug|Win32
		{7AF8E64D-0E27-486A-A09F-8888A542AC3C}.Debug|x86.Build.0 = Debug|Win32
		{7AF8E64D-0E27-486A-A09F-8888A542AC3C}.Release|x64.ActiveCfg = Release|x64
		{7AF8E64D-0E27-486A-A09F-8888A542AC3C}.Release|x64.Build.0 = Release|x64
		{7AF8E64D-0E27-486A-A09F-8888A542AC3C}.Release|x86.ActiveCfg = Release|Win32
		{7AF8E64D-0E27-486A-A09F-8888A542AC3C}.Release|x86.Build.0 = Release|Win32
		{28FE620F-A516-4E9F-83A1-9EB79ACD4264}.Debug|x64.ActiveCfg = Debug|x64
		{28FE620F-A516-4E9F-83A1-9EB79ACD4264}.Debug|x64.Build.0 = Debug|x64
		{28FE620F-A516-4E9F-83A1-9EB79ACD4264}.Debug|x86.ActiveCfg = Debug|Win32
		{28FE620F-A516-4E9F-83A1-9EB79ACD4264}.Debug|x86.Build.0 = Debug|Win32
		{28FE620F-A516-4E9F-83A1-9EB79ACD4264}.Release|x64.ActiveCfg = Release|x64
		{28FE620F-A516-4E9F-83A1-9EB79ACD4264}.Release|x64.Build.0 = Release|x64
		{28FE620F-A516-4E9F-83A1-9EB79ACD4264}.Release|x86.ActiveCfg = Release|Win32
		{28FE620F-A516-4E9F-83A1-9EB79ACD4264}.Release|x86.Build.0 = Release|Win32
		{D12FA333-B75E-48C7-BDB2-CB051E2802CF}.Debug|x64.ActiveCfg = Debug|x64
		{D12FA333-B75E-48C7-BDB2-CB051E2802CF}.Debug|x64.Build.0 = Debug|x64
		{D12FA333-B75E-48C7-BDB2-CB051E2802CF}.Debug|x86.ActiveCfg = Debug|Win32
		{D12FA333-B75E-48C7-BDB2-CB051E2802CF}.Debug|x86.Build.0 = Debug|Win32
		{D12FA333-B75E-48C7-BDB2-CB051E2802CF}.Release|x64.ActiveCfg = Release|x64
		{D12FA333-B75E-48C7-BDB2-CB051E2802CF}.Release|x64.Build.0 = Release|x64
		{D12FA333-B75E-48C7-BDB2-CB051E2802CF}.Release|x86.ActiveCfg = Release|Win32
		{D12FA333-B75E-48C7-BDB2-CB051E2802CF}.Release|x86.Build.0 = Release|Win32
		{1B9D3D4B-59EA-49B3-BEB6-56F475FF9D1A}.Debug|x64.ActiveCfg = Debug|x64
		{1B9D3D4B-59EA-49B3-BEB6-56F475FF9D1A}.Debug|x64.Build.0 = Debug|x64
		{1B9D3D4B-59EA-49B3-BEB6-56F475FF9D1A}.Debug|x86.ActiveCfg = Debug|Win32
		{1B9D3D4B-59EA-49B3-BEB6-56F475FF9D1A}.Debug|x86.Build.0 = Debug|Win32
		{1B9D3D4B-59EA-49B3-BEB6-56F475FF9D1A}.Release|x64.ActiveCfg = Release|x64
		{1B9D3D4B-59EA-49B3-BEB6-56F475FF9D1A}.Release|x64.Build.0 = Release|x64
		{1B9D3D4B-59EA-49B3-BEB6-56F475FF9D1A}.Release|x86.ActiveCfg = Release|Win32
		{1B9D3D4B-59EA-49B3-BEB6-56F475FF9D1A}.Release|x86.Build.0 = Release|Win32
		{CAF4EC46-D479-412B-B619-DD620BD5254A}.Debug|x64.ActiveCfg = Debug|x64
		{CAF4EC46-D479-412B-B619-DD620BD5254A}.Debug|x64.Build.0 = Debug|x64
		{CAF4EC46-D479-412B-B619-DD620BD5254A}.Debug|x86.ActiveCfg = Debug|Win32
		{CAF4EC46-D479-412B-B619-DD620BD5254A}.Debug|x86.Build.0 = Debug|Win32
		{CAF4EC46-D479-412B-B619-DD620BD5254A}.Release|x64.ActiveCfg = Release|x64
		{CAF4EC46-D479-412B-B619-DD620BD5254A}.Release|x64.Build.0 = Release|x64
		{CAF4EC46-D479-412B-B619-DD620BD5254A}.Release|x86.ActiveCfg = Release|Win32
		{CAF4EC46-D479-412B-B619-DD620BD5254A}.Release|x86.Build.0 = Release|Win32
		{478A99C9-6F5F-4FD8-9911-CF36D0518769}.Debug|x64.ActiveCfg = Debug|x64
		{478A99C9-6F5F-4FD8-9911-CF36D0518769}.Debug|x64.Build.0 = Debug|x64
		{478A99C9-6F5F-4FD8-9911-CF36D0518769}.Debug|x86.ActiveCfg = Debug|Win32
		{478A99C9-6F5F-4FD8-9911-CF36D0518769}.Debug|x86.Build.0 = Debug|Win32
		{478A99C9-6F5F-4FD8-9911-CF36D0518769}.Release|x64.ActiveCfg = Release|x64
		{478A99C9-6F5F-4FD8-9911-CF36D0518769}.Release|x64.Build.0 = Release|x64
		{478A99C9-6F5F-4FD8-9911-CF36D0518769}.Release|x86.ActiveCfg = Release|Win32
		{478A99C9-6F5F-4FD8-9911-CF36D0518769}.Release|x86.Build.0 = Release|Win32
		{C93D637E-F062-4833-9791-0D374F893994}.Debug|x64.ActiveCfg = Debug|x64
		{C93D637E-F062-4833-9791-0D374F893994}.Debug|x64.Build.0 = Debug|x64
		{C93D637E-F062-4833-9791-0D374F893994}.Debug|x86.ActiveCfg = Debug|Win32
		{C93D637E-F062-4833-9791-0D374F893994}.Debug|x86.Build.0 = Debug|Win32
		{C93D637E-F062-4833-9791-0D374F893994}.Release|x64.ActiveCfg = Release|x64
		{C93D637E-F062-4833-9791-0D374F893994}.Release|x64.Build.0 = Release|x64
		{C93D637E-F062-4833-9791-0D374F893994}.Release|x86.ActiveCfg = Release|Win32
		{C93D637E-F062-4833-9791-0D374F893994}.Release|x86.Build.0 = Release|Win32
		{E37B29C9-244F-475D-A6FD-CBDB4E13EDD5}.Debug|x64.ActiveCfg = Debug|x64
		{E37B29C9-244F-475D-A6FD-CBDB4E13EDD5}.Debug|x64.Build.0 = Debug|x64
		{E37B29C9-244F-475D-A6FD-CBDB4E13EDD5}.Debug|x86.ActiveCfg = Debug|Win32
		{E37B29C9-244F-475D-A6FD-CBDB4E13EDD5}.Debug|x86.Build.0 = Debug|Win32
		{E37B29C9-244F-475D-A6FD-CBDB4E13EDD5}.Release|x64.ActiveCfg = Release|x64
		{E37B29C9-244F-475D-A6FD-CBDB4E13EDD5}.Release|x64.Build.0 = Release|x64
		{E37B29C9-244F-475D-A6FD-CBDB4E13EDD5}.Release|x86.ActiveCfg = Release|Win32
		{E37B29C9-244F-475D-A6FD-CBDB4E13EDD5}.Release|x86.Build.0 = Release|Win32
		{C37EFF2A-4B2D-48A8-A113-799476646CC1}.Debug|x64.ActiveCfg = Debug|x64
		{C37EFF2A-4B2D-48A8-A113-799476646CC1}.Debug|x64.Build.0 = Debug|x64
		{C37EFF2A-4B2D-48A8-A113-799476646CC1}.Debug|x86.ActiveCfg = Debug|Win32
		{C37EFF2A-4B2D-48A8-A113-799476646CC1}.Debug|x86.Build.0 = Debug|Win32
		{C37EFF2A-4B2D-48A8-A113-799476646CC1}.Release|x64.ActiveCfg = Release|x64
		{C37EFF2A-4B2D-48A8-A113-799476646CC1}.Release|x64.Build.0 = Release|x64
		{C37EFF2A-4B2D-48A8-A113-799476646CC1}.Release|x86.ActiveCfg = Release|Win32
		{C37EFF2A-4B2D-48A8-A113-799476646CC1}.Release|x86.Build.0 = Release|Win32
		{5F555918-1FEB-4B98-BB18-93197349A9A6}.Debug|x64.ActiveCfg = Debug|x64
		{5F555918-1FEB-4B98-BB18-93197349A9A6}.Debug|x64.Build.0 = Debug|x64
		{5F555918-1FEB-4B98-BB18-93197349A9A6}.Debug|x86.ActiveCfg = Debug|Win32
		{5F555918-1FEB-4B98-BB18-93197349A9A6}.Debug|x86.Build.0 = Debug|Win32
		{5F555918-1FEB-4B98-BB18-93197349A9A6}.Release|x64.ActiveCfg = Release|x64
		{5F555918-1FEB-4B98-BB18-93197349A9A6}.Release|x64.Build.0 = Release|x64
		{5F555918-1FEB-4B98-BB18-93197349A9A6}.Release|x86.ActiveCfg = Release|Win32
		{5F555918-1FEB-4B98-BB18-93197349A9A6}.Release|x86.Build.0 = Release|Win32
		{65AABA05-0DD7-4A9E-A321-CDC0B6E663E1}.Debug|x64.ActiveCfg = Debug|x64
		{65AABA05-0DD7-4A9E-A321-CDC0B6E663E1}.Debug|x64.Build.0 = Debug|x64
		{65AABA05-0DD7-4A9E-A321-CDC0B6E663E1}.Debug|x86.ActiveCfg = Debug|Win32
		{65AABA05-0DD7-4A9E-A321-CDC0B6E663E1}.Debug|x86.Build.0 = Debug|Win32
		{65AABA05-0DD7-4A9E-A321-CDC0B6E663E1}.Release|x64.ActiveCfg = Release|x64
		{65AABA05-0DD7-4A9E-A321-CDC0B6E663E1}.Release|x64.Build.0 = Release|x64
		{65AABA05-0DD7-4A9E-A321-CDC0B6E663E1}.Release|x86.ActiveCfg = Release|Win32
		{65AABA05-0DD7-4A9E-A321-CDC0B6E663E1}.Release|x86.Build.0 = Release|Win32
		{278544D8-6B6A-4EAF-9613-C9A1D00CB5DB}.Debug|x64.ActiveCfg = Debug|x64
		{278544D8-6B6A-4EAF-9613-C9A1D00CB5DB}.Debug|x64.Build.0 = Debug|x64
		{278544D8-6B6A-4EAF-9613-C9A1D00CB5DB}.Debug|x86.ActiveCfg = Debug|Win32
		{278544D8-6B6A-4EAF-9613-C9A1D00CB5DB}.Debug|x86.Build.0 = Debug|Win32
		{278544D8-6B6A-4EAF-9613-C9A1D00CB5DB}.Release|x64.ActiveCfg = Release|x64
		{278544D8-6B6A-4EAF-9613-C9A1D00CB5DB}.Release|x64.Build.0 = Release|x64
		{278544D8-6B6A-4EAF-9613-C9A1D00CB5DB}.Release|x86.ActiveCfg = Release|Win32
		{278544D8-6B6A-4EAF-9613-C9A1D00CB5DB}.Release|x86.Build.0 = Release|Win32
		{8CBC8E4E-C090-47E5-AA68-B0A467529532}.Debug|x64.ActiveCfg = Debug|x64
		{8CBC8E4E-C090-47E5-AA68-B0A467529532}.Debug|x64.Build.0 = Debug|x64
		{8CBC8E4E-C090-47E5-AA68-B0A467529532}.Debug|x86.ActiveCfg = Debug|Win32
		{8CBC8E4E-C090-47E5-AA68-B0A467529532}.Debug|x86.Build.0 = Debug|Win32
		{8CBC8E4E-C090-47E5-AA68-B0A467529532}.Release|x64.ActiveCfg = Release|x64
		{8CBC8E4E-C090-47E5-AA68-B0A467529532}.Release|x64.Build.0 = Release|x64
		{8CBC8E4E-C090-47E5-AA68-B0A467529532}.Release|x86.ActiveCfg = Release|Win32
		{8CBC8E4E-C090-47E5-AA68-B0A467529532}.Release|x86.Build.0 = Release|Win32
		{AFE2A92F-E4A2-42C7-AE90-4383A51881D4}.Debug|x64.ActiveCfg = Debug|x64
		{AFE2A92F-E4A2-42C7-AE90-4383A51881D4}.Debug|x64.Build.0 = Debug|x64
		{AFE2A92F-E4A2-42C7-AE90-4383A51881D4}.Debug|x86.ActiveCfg = Debug|Win32
		{AFE2A92F-E4A2-42C7-AE90-4383A51881D4}.Debug|x86.Build.0 = Debug|Win32
		{AFE2A92F-E4A2-42C7-AE90-4383A51881D4}.Release|x64.ActiveCfg = Release|x64
		{AFE2A92F-E4A2-42C7-AE90-4383A51881D4}.Release|x64.Build.0 = Release|x64
		{AFE2A92F-E4A2-42C7-AE90-4383A51881D4}.Release|x86.ActiveCfg = Release|Win32
		{AFE2A92F-E4A2-42C7-AE90-4383A51881D4}.Release|x86.Build.0 = Release|Win32
		{1E2453B9-6CE0-4F12-9BF1-D7C8E3AEF056}.Debug|x64.ActiveCfg = Debug|x64
		{1E2453B9-6CE0-4F12-9BF1-D7C8E3AEF056}.Debug|x64.Build.0 = Debug|x64
		{1E2453B9-6CE0-4F12-9BF1-D7C8E3AEF056}.Debug|x86.ActiveCfg = Debug|Win32
		{1E2453B9-6CE0-4F12-9BF1-D7C8E3AEF056}.Debug|x86.Build.0 = Debug|Win32
		{1E2453B9-6CE0-4F12-9BF1-D7C8E3AEF056}.Release|x64.ActiveCfg = Release|x64
		{1E2453B9-6CE0-4F12-9BF1-D7C8E3AEF056}.Release|x64.Build.0 = Release|x64
		{1E2453B9-6CE0-4F12-9BF1-D7C8E3AEF056}.Release|x86.ActiveCfg = Release|Win32
		{1E2453B9-6CE0-4F12-9BF1-D7C8E3AEF056}.Release|x86.Build.0 = Release|Win32
		{DEC0A828-6F4E-4F2F-9B17-05C07B416C5C}.Debug|x64.ActiveCfg = Debug|x64
		{DEC0A828-6F4E-4F2F-9B17-05C07B416C5C}.Debug|x64.Build.0 = Debug|x64
		{DEC0A828-6F4E-4F2F-9B17-05C07B416C5C}.Debug|x86.ActiveCfg = Debug|Win32
		{DEC0A828-6F4E-4F2F-9B17-05C07B416C5C}.Debug|x86.Build.0 = Debug|Win32
		{DEC0A828-6F4E-4F2F-9B17-05C07B416C5C}.Release|x64.ActiveCfg = Release|x64
		{DEC0A828-6F4E-4F2F-9B17-05C07B416C5C}.Release|x64.Build.0 = Release|x64
		{DEC0A828-6F4E-4F2F-9B17-05C07B416C5C}.Release|x86.ActiveCfg = Release|Win32
		{DEC0A828-6F4E-4F2F-9B17-05C07B416C5C}.Release|x86.Build.0 = Release|Win32
		{DC84677F-AAFC-40D7-A6BC-563F3538DF09}.Debug|x64.ActiveCfg = Debug|x64
		{DC84677F-AAFC-40D7-A6BC-563F3538DF09}.Debug|x64.Build.0 = Debug|x64
		{DC84677F-AAFC-40D7-A6BC-563F3538DF09}.Debug|x86.ActiveCfg = Debug|Win32
		{DC84677F-AAFC-40D7-A6BC-563F3538DF09}.Debug|x86.Build.0 = Debug|Win32
		{DC84677F-AAFC-40D7-A6BC-563F3538DF09}.Release|x64.ActiveCfg = Release|x64
		{DC84677F-AAFC-40D7-A6BC-563F3538DF09}.Release|x64.Build.0 = Release|x64
		{DC84677F-AAFC-40D7-A6BC-563F3538DF09}.Release|x86.ActiveCfg = Release|Win32
		{DC84677F-AAFC-40D7-A6BC-563F3538DF09}.Release|x86.Build.0 = Release|Win32
		{9E801183-084B-4224-8957-8CC9B99720E8}.Debug|x64.ActiveCfg = Debug|x64
		{9E801183-084B-4224-8957-8CC9B99720E8}.Debug|x64.Build.0 = Debug|x64
		{9E801183-084B-4224-8957-8CC9B99720E8}.Debug|x86.ActiveCfg = Debug|Win32
		{9E801183-084B-4224-8957-8CC9B99720E8}.Debug|x86.Build.0 = Debug|Win32
		{9E801183-084B-4224-8957-8CC9B99720E8}.Release|x64.ActiveCfg = Release|x64
		{9E801183-084B-4224-8957-8CC9B99720E8}.Release|x64.Build.0 = Release|x64
		{9E801183-084B-4224-8957-8CC9B99720E8}.Release|x86.ActiveCfg = Release|Win32
		{9E801183-084B-4224-8957-8CC9B99720E8}.Release|x86.Build.0 = Release|Win32
		{8741DFE0-6A93-4357-AFCF-DA0FF59DE1B9}.Debug|x64.ActiveCfg = Debug|x64
		{8741DFE0-6A93-4357-AFCF-DA0FF59DE1B9}.Debug|x64.Build.0 = Debug|x64
		{8741DFE0-6A93-4357-AFCF-DA0FF59DE1B9}.Debug|x86.ActiveCfg = Debug|Win32
		{8741DFE0-6A93-4357-AFCF-DA0FF59DE1B9}.Debug|x86.Build.0 = Debug|Win32
		{8741DFE0-6A93-4357-AFCF-DA0FF59DE1B9}.Release|x64.ActiveCfg = Release|x64
		{8741DFE0-6A93-4357-AFCF-DA0FF59DE1B9}.Release|x64.Build.0 = Release|x64
		{8741DFE0-6A93-4357-AFCF-DA0FF59DE1B9}.Release|x86.ActiveCfg = Release|Win32
		{8741DFE0-6A93-4357-AFCF-DA0FF59DE1B9}.Release|x86.Build.0 = Release|Win32
		{510E6168-B115-4428-AAA0-0A53141F03BF}.Debug|x64.ActiveCfg = Debug|x64
		{510E6168-B115-4428-AAA0-0A53141F03BF}.Debug|x64.Build.0 = Debug|x64
		{510E6168-B115-4428-AAA0-0A53141F03BF}.Debug|x86.ActiveCfg = Debug|Win32
		{510E6168-B115-4428-AAA0-0A53141F03BF}.Debug|x86.Build.0 = Debug|Win32
		{510E6168-B115-4428-AAA0-0A53141F03BF}.Release|x64.ActiveCfg = Release|x64
		{510E6168-B115-4428-AAA0-0A53141F03BF}.Release|x64.Build.0 = Release|x64
		{510E6168-B115-4428-AAA0-0A53141F03BF}.Release|x86.ActiveCfg = Release|Win32
		{510E6168-B115-4428-AAA0-0A53141F03BF}.Release|x86.Build.0 = Release|Win32
		{06627766-C406-4DD8-A13B-AAC7744E9238}.Debug|x64.ActiveCfg = Debug|x64
		{06627766-C406-4DD8-A13B-AAC7744E9238}.Debug|x64.Build.0 = Debug|x64
		{06627766-C406-4DD8-A13B-AAC7744E9238}.Debug|x86.ActiveCfg = Debug|Win32
		{06627766-C406-4DD8-A13B-AAC7744E9238}.Debug|x86.Build.0 = Debug|Win32
		{06627766-C406-4DD8-A13B-AAC7744E9238}.Release|x64.ActiveCfg = Release|x64
		{06627766-C406-4DD8-A13B-AAC7744E9238}.Release|x64.Build.0 = Release|x64
		{06627766-C406-4DD8-A13B-AAC7744E9238}.Release|x86.ActiveCfg = Release|Win32
		{06627766-C406-4DD8-A13B-AAC7744E9238}.Release|x86.Build.0 = Release|Win32
		{7F1007BB-9DFA-422F-A1E7-05EBE8DFA985}.Debug|x64.ActiveCfg = Debug|x64
		{7F1007BB-9DFA-422F-A1E7-05EBE8DFA985}.Debug|x64.Build.0 = Debug|x64
		{7F1007BB-9DFA-422F-A1E7-05EBE8DFA985}.Debug|x86.ActiveCfg = Debug|Win32
		{7F1007BB-9DFA-422F-A1E7-05EBE8DFA985}.Debug|x86.Build.0 = Debug|Win32
		{7F1007BB-9DFA-422F-A1E7-05EBE8DFA985}.Release|x64.ActiveCfg = Release|x64
		{7F1007BB-9DFA-422F-A1E7-05EBE8DFA985}.Release|x64.Build.0 = Release|x64
		{7F1007BB-9DFA-422F-A1E7-05EBE8DFA985}.Release|x86.ActiveCfg = Release|Win32
		{7F1007BB-9DFA-422F-A1E7-05EBE8DFA985}.Release|x86.Build.0 = Release|Win32
		{3E1B295F-6931-4D38-B00C-7791B8F3404C}.Debug|x64.ActiveCfg = Debug|x64
		{3E1B295F-6931-4D38-B00C-7791B8F3404C}.Debug|x64.Build.0 = Debug|x64
		{3E1B295F-6931-4D38-B00C-7791B8F3404C}.Debug|x86.ActiveCfg = Debug|Win32
		{3E1B295F-6931-4D38-B00C-7791B8F3404C}.Debug|x86.Build.0 = Debug|Win32
		{3E1B295F-6931-4D38-B00C-7791B8F3404C}.Release|x64.ActiveCfg = Release|x64
		{3E1B295F-6931-4D38-B00C-7791B8F3404C}.Release|x64.Build.0 = Release|x64
		{3E1B295F-6931-4D38-B00C-7791B8F3404C}.Release|x86.ActiveCfg = Release|Win32
		{3E1B295F-6931-4D38-B00C-7791B8F3404C}.Release|x86.Build.0 = Release|Win32
		{89A501B3-702E-4100-ACC7-F51C8BC9F88A}.Debug|x64.ActiveCfg = Debug|x64
		{89A501B3-702E-4100-ACC7-F51C8BC9F88A}.Debug|x64.Build.0 = Debug|x64
		{89A501B3-702E-4100-ACC7-F51C8BC9F88A}.Debug|x86.ActiveCfg = Debug|Win32
		{89A501B3-702E-4100-ACC7-F51C8BC9F88A}.Debug|x86.Build.0 = Debug|Win32
		{89A501B3-702E-4100-ACC7-F51C8BC9F88A}.Release|x64.ActiveCfg = Release|x64
		{89A501B3-702E-4100-ACC7-F51C8BC9F88A}.Release|x64.Build.0 = Release|x64
		{89A501B3-702E-4100-ACC7-F51C8BC9F88A}.Release|x86.ActiveCfg = Release|Win32
		{89A501B3-702E-4100-ACC7-F51C8BC9F88A}.Release|x86.Build.0 = Release|Win32
		{6FE88260-1327-41F7-A2FC-F2F1A048C74C}.Debug|x64.ActiveCfg = Debug|x64
		{6FE88260-1327-41F7-A2FC-F2F1A048C74C}.Debug|x64.Build.0 = Debug|x64
		{6FE88260-1327-41F7-A2FC-F2F1A048C74C}.Debug|x86.ActiveCfg = Debug|Win32
		{6FE88260-1327-41F7-A2FC-F2F1A048C74C}.Debug|x86.Build.0 = Debug|Win32
		{6FE88260-1327-41F7-A2FC-F2F1A048C74C}.Release|x64.ActiveCfg = Release|x64
		{6FE88260-1327-41F7-A2FC-F2F1A048C74C}.Release|x64.Build.0 = Release|x64
		{6FE88260-1327-41F7-A2FC-F2F1A048C74C}.Release|x86.ActiveCfg = Release|Win32
		{6FE88260-1327-41F7-A2FC-F2F1A048C74C}.Release|x86.Build.0 = Release|Win32
		{BC60DCE3-1132-4808-894F-D3324159F347}.Debug|x64.ActiveCfg = Debug|x64
		{BC60DCE3-1132-4808-894F-D3324159F347}.Debug|x64.Build.0 = Debug|x64
		{BC60DCE3-1132-4808-894F-D3324159F347}.Debug|x86.ActiveCfg = Debug|Win32
		{BC60DCE3-1132-4808-894F-D3324159F347}.Debug|x86.Build.0 = Debug|Win32
		{BC60DCE3-1132-4808-894F-D3324159F347}.Release|x64.ActiveCfg = Release|x64
		{BC60DCE3-1132-4808-894F-D3324159F347}.Release|x64.Build.0 = Release|x64
		{BC60DCE3-1132-4808-894F-D3324159F347}.Release|x86.ActiveCfg = Release|Win32
		{BC60DCE3-1132-4808-894F-D3324159F347}.Release|x86.Build.0 = Release|Win32
		{0AC7C936-D018-442B-8436-1A44A1C15D7A}.Debug|x64.ActiveCfg = Debug|x64
		{0AC7C936-D018-442B-8436-1A44A1C15D7A}.Debug|x64.Build.0 = Debug|x64
		{0AC7C936-D018-442B-8436-1A44A1C15D7A}.Debug|x86.ActiveCfg = Debug|Win32
		{0AC7C936-D018-442B-8436-1A44A1C15D7A}.Debug|x86.Build.0 = Debug|Win32
		{0AC7C936-D018-442B-8436-1A44A1C15D7A}.Release|x64.ActiveCfg = Release|x64
		{0AC7C936-D018-442B-8436-1A44A1C15D7A}.Release|x64.Build.0 = Release|x64
		{0AC7C936-D018-442B-8436-1A44A1C15D7A}.Release|x86.ActiveCfg = Release|Win32
		{0AC7C936-D018-442B-8436-1A44A1C15D7A}.Release|x86.Build.0 = Release|Win32
		{E11CE612-59F2-4ADD-866A-3631A93BD3F9}.Debug|x64.ActiveCfg = Debug|x64
		{E11CE612-59F2-4ADD-866A-3631A93BD3F9}.Debug|x64.Build.0 = Debug|x64
		{E11CE612-59F2-4ADD-866A-3631A93BD3F9}.Debug|x86.ActiveCfg = Debug|Win32
		{E11CE612-59F2-4ADD-866A-3631A93BD3F9}.Debug|x86.Build.0 = Debug|Win32
		{E11CE612-59F2-4ADD-866A-3631A93BD3F9}.Release|x64.ActiveCfg = Release|x64
		{E11CE612-59F2-4ADD-866A-3631A93BD3F9}.Release|x64.Build.0 = Release|x64
		{E11CE612-59F2-4ADD-866A-3631A93BD3F9}.Release|x86.ActiveCfg = Release|Win32
		{E11CE612-59F2-4ADD-866A-3631A93BD3F9}.Release|x86.Build.0 = Release|Win32
		{4F37A205-EA53-484B-ABC0-6043EDCD0AE2}.Debug|x64.ActiveCfg = Debug|x64
		{4F37A205-EA53-484B-ABC0-6043EDCD0AE2}.Debug|x64.Build.0 = Debug|x64
		{4F37A205-EA53-484B-ABC0-6043EDCD0AE2}.Debug|x86.ActiveCfg = Debug|Win32
		{4F37A205-EA53-484B-ABC0-6043EDCD0AE2}.Debug|x86.Build.0 = Debug|Win32
		{4F37A205-EA53-484B-ABC0-6043EDCD0AE2}.Release|x64.ActiveCfg = Release|x64
		{4F37A205-EA53-484B-ABC0-6043EDCD0AE2}.Release|x64.Build.0 = Release|x64
		{4F37A205-EA53-484B-ABC0-6043EDCD0AE2}.Release|x86.ActiveCfg = Release|Win32
		{4F37A205-EA53-484B-ABC0-6043EDCD0AE2}.Release|x86.Build.0 = Release|Win32
		{65116671-6B60-41B4-985C-6E7C20FA1C9B}.Debug|x64.ActiveCfg = Debug|x64
		{65116671-6B60-41B4-985C-6E7C20FA1C9B}.Debug|x64.Build.0 = Debug|x64
		{65116671-6B60-41B4-985C-6E7C20FA1C9B}.Debug|x86.ActiveCfg = Debug|Win32
		{65116671-6B60-41B4-985C-6E7C20FA1C9B}.Debug|x86.Build.0 = Debug|Win32
		{65116671-6B60-41B4-985C-6E7C20FA1C9B}.Release|x64.ActiveCfg = Release|x64
		{65116671-6B60-41B4-985C-6E7C20FA1C9B}.Release|x64.Build.0 = Release|x64
		{65116671-6B60-41B4-985C-6E7C20FA1C9B}.Release|x86.ActiveCfg = Release|Win32
		{65116671-6B60-41B4-985C-6E7C20FA1C9B}.Release|x86.Build.0 = Release|Win32
		{46FF3CF3-CC64-4664-9FAF-E77CBE9C582A}.Debug|x64.ActiveCfg = Debug|x64
		{46FF3CF3-CC64-4664-9FAF-E77CBE9C582A}.Debug|x64.Build.0 = Debug|x64
		{46FF3CF3-CC64-4664-9FAF-E77CBE9C582A}.Debug|x86.ActiveCfg = Debug|Win32
		{46FF3CF3-CC64-4664-9FAF-E77CBE9C582A}.Debug|x86.Build.0 = Debug|Win32
		{46FF3CF3-CC64-4664-9FAF-E77CBE9C582A}.Release|x64.ActiveCfg = Release|x64
		{46FF3CF3-CC64-4664-9FAF-E77CBE9C582A}.Release|x64.Build.0 = Release|x64
		{46FF3CF3-CC64-4664-9FAF-E77CBE9C582A}.Release|x86.ActiveCfg = Release|Win32
		{46FF3CF3-CC64-4664-9FAF-E77CBE9C582A}.Release|x86.Build.0 = Release|Win32
		{8A25BAC2-A01D-45D5-871C-A622752B0C04}.Debug|x64.ActiveCfg = Debug|x64
		{8A25BAC2-A01D-45D5-871C-A622752B0C04}.Debug|x64.Build.0 = Debug|x64
		{8A25BAC2-A01D-45D5-871C-A622752B0C04}.Debug|x86.ActiveCfg = Debug|Win32
		{8A25BAC2-A01D-45D5-871C-A622752B0C04}.Debug|x86.Build.0 = Debug|Win32
		{8A25BAC2-A01D-45D5-871C-A622752B0C04}.Release|x64.ActiveCfg = Release|x64
		{8A25BAC2-A01D-45D5-871C-A622752B0C04}.Release|x64.Build.0 = Release|x64
		{8A25BAC2-A01D-45D5-871C-A622752B0C04}.Release|x86.ActiveCfg = Release|Win32
		{8A25BAC2-A01D-45D5-871C-A622752B0C04}.Release|x86.Build.0 = Release|Win32
		{FA05D79E-01A4-4C4E-BBB7-DB1C92FB10F3}.Debug|x64.ActiveCfg = Debug|x64
		{FA05D79E-01A4-4C4E-BBB7-DB1C92FB10F3}.Debug|x64.Build.0 = Debug|x64
		{FA05D79E-01A4-4C4E-BBB7-DB1C92FB10F3}.Debug|x86.ActiveCfg = Debug|Win32
		{FA05D79E-01A4-4C4E-BBB7-DB1C92FB10F3}.Debug|x86.Build.0 = Debug|Win32
		{FA05D79E-01A4-4C4E-BBB7-DB1C92FB10F3}.Release|x64.ActiveCfg = Release|x64
		{FA05D79E-01A4-4C4E-BBB7-DB1C92FB10F3}.Release|x64.Build.0 = Release|x64
		{FA05D79E-01A4-4C4E-BBB7-DB1C92FB10F3}.Release|x86.ActiveCfg = Release|Win32
		{FA05D79E-01A4-4C4E-BBB7-DB1C92FB10F3}.Release|x86.Build.0 = Release|Win32
		{C0B49D27-65C4-4E48-ACD8-48BCECB3E35D}.Debug|x64.ActiveCfg = Debug|x64
		{C0B49D27-65C4-4E48-ACD8-48BCECB3E35D}.Debug|x64.Build.0 = Debug|x64
		{C0B49D27-65C4-4E48-ACD8-48BCECB3E35D}.Debug|x86.ActiveCfg = Debug|Win32
		{C0B49D27-65C4-4E48-ACD8-48BCECB3E35D}.Debug|x86.Build.0 = Debug|Win32
		{C0B49D27-65C4-4E48-ACD8-48BCECB3E35D}.Release|x64.ActiveCfg = Release|x64
		{C0B49D27-65C4-4E48-ACD8-48BCECB3E35D}.Release|x64.Build.0 = Release|x64
		{C0B49D27-65C4-4E48-ACD8-48BCECB3E35D}.Release|x86.ActiveCfg = Release|Win32
		{C0B49D27-65C4-4E48-ACD8-48BCECB3E35D}.Release|x86.Build.0 = Release|Win32
		{1F37BF7B-8835-4753-9F1B-7B649DBB1606}.Debug|x64.ActiveCfg = Debug|x64
		{1F37BF7B-8835-4753-9F1B-7B649DBB1606}.Debug|x64.Build.0 = Debug|x64
		{1F37BF7B-8835-4753-9F1B-7B649DBB1606}.Debug|x86.ActiveCfg = Debug|Win32
		{1F37BF7B-8835-4753-9F1B-7B649DBB1606}.Debug|x86.Build.0 = Debug|Win32
		{1F37BF7B-8835-4753-9F1B-7B649DBB1606}.Release|x64.ActiveCfg = Release|x64
		{1F37BF7B-8835-4753-9F1B-7B649DBB1606}.Release|x64.Build.0 = Release|x64
		{1F37BF7B-8835-4753-9F1B-7B649DBB1606}.Release|x86.ActiveCfg = Release|Win32
		{1F37BF7B-8835-4753-9F1B-7B649DBB1606}.Release|x86.Build.0 = Release|Win32
		{84A6ECA3-82A0-44C4-91F7-C7A569A8B8C6}.Debug|x64.ActiveCfg = Debug|x64
		{84A6ECA3-82A0-44C4-91F7-C7A569A8B8C6}.Debug|x64.Build.0 = Debug|x64
		{84A6ECA3-82A0-44C4-91F7-C7A569A8B8C6}.Debug|x86.ActiveCfg = Debug|Win32
		{84A6ECA3-82A0-44C4-91F7-C7A569A8B8C6}.Debug|x86.Build.0 = Debug|Win32
		{84A6ECA3-82A0-44C4-91F7-C7A569A8B8C6}.Release|x64.ActiveCfg = Release|x64
		{84A6ECA3-82A0-44C4-91F7-C7A569A8B8C6}.Release|x64.Build.0 = Release|x64
		{84A6ECA3-82A0-44C4-91F7-C7A569A8B8C6}.Release|x86.ActiveCfg = Release|Win32
		{84A6ECA3-82A0-44C4-91F7-C7A569A8B8C6}.Release|x86.Build.0 = Release|Win32
		{CF94EEFE-96DD-486A-A5E2-1450335DFFC1}.Debug|x64.ActiveCfg = Debug|x64
		{CF94EEFE-96DD-486A-A5E2-1450335DFFC1}.Debug|x64.Build.0 = Debug|x64
		{CF94EEFE-96DD-486A-A5E2-1450335DFFC1}.Debug|x86.ActiveCfg = Debug|Win32
		{CF94EEFE-96DD-486A-A5E2-1450335DFFC1}.Debug|x86.Build.0 = Debug|Win32
		{CF94EEFE-96DD-486A-A5E2-1450335DFFC1}.Release|x64.ActiveCfg = Release|x64
		{CF94EEFE-96DD-486A-A5E2-1450335DFFC1}.Release|x64.Build.0 = Release|x64
		{CF94EEFE-96DD-486A-A5E2-1450335DFFC1}.Release|x86.ActiveCfg = Release|Win32
		{CF94EEFE-96DD-486A-A5E2-1450335DFFC1}.Release|x86.Build.0 = Release|Win32
	EndGlobalSection
	GlobalSection(SolutionProperties) = preSolution
		HideSolutionNode = FALSE
	EndGlobalSection
	GlobalSection(ExtensibilityGlobals) = postSolution
		SolutionGuid = {EA88426D-6F85-4F32-AE1B-ACAD913EC08A}
	EndGlobalSection
EndGlobal
